
Microsoft Visual Studio Solution File, Format Version 12.00
# Visual Studio Version 16
VisualStudioVersion = 16.0.30114.105
MinimumVisualStudioVersion = 10.0.40219.1
Project("{FAE04EC0-301F-11D3-BF4B-00C04F79EFBC}") = "CountDown", "CountDown\CountDown.csproj", "{C67E9CDD-5023-4254-B448-CF19B01873C1}"
EndProject
Global
	GlobalSection(SolutionConfigurationPlatforms) = preSolution
		Debug|Any CPU = Debug|Any CPU
		Release|Any CPU = Release|Any CPU
	EndGlobalSection
	GlobalSection(ProjectConfigurationPlatforms) = postSolution
		{C67E9CDD-5023-4254-B448-CF19B01873C1}.Debug|Any CPU.ActiveCfg = Debug|Any CPU
		{C67E9CDD-5023-4254-B448-CF19B01873C1}.Debug|Any CPU.Build.0 = Debug|Any CPU
		{C67E9CDD-5023-4254-B448-CF19B01873C1}.Release|Any CPU.ActiveCfg = Release|Any CPU
		{C67E9CDD-5023-4254-B448-CF19B01873C1}.Release|Any CPU.Build.0 = Release|Any CPU
	EndGlobalSection
	GlobalSection(SolutionProperties) = preSolution
		HideSolutionNode = FALSE
	EndGlobalSection
	GlobalSection(ExtensibilityGlobals) = postSolution
		SolutionGuid = {526BAD63-0084-46D2-BB3B-5C2F29CCC451}
	EndGlobalSection
EndGlobal
